{
  "name": "publish-extension",
  "version": "1.0.0",
  "lockfileVersion": 3,
  "requires": true,
  "type": "module",
  "packages": {
    "": {
      "name": "publish-extension",
      "version": "1.0.0",
      "license": "ISC",
      "dependencies": {
        "jwt-simple": "^0.5.6"
      }
    },
    "node_modules/jwt-simple": {
      "version": "0.5.6",
      "resolved": "https://registry.npmjs.org/jwt-simple/-/jwt-simple-0.5.6.tgz",
      "integrity": "sha512-40aUybvhH9t2h71ncA1/1SbtTNCVZHgsTsTgqPUxGWDmUDrXyDf2wMNQKEbdBjbf4AI+fQhbECNTV6lWxQKUzg==",
      "license": "MIT",
      "engines": {
        "node": ">= 0.4.0"
      }
    }
  }
}
